// !$*UTF8*$!
{
	archiveVersion = 1;
	classes = {
	};
	objectVersion = 46;
	objects = {

/* Begin PBXBuildFile section */
		612CFCD21E7030CD005177D4 /* MainSpinnerView.swift in Sources */ = {isa = PBXBuildFile; fileRef = 612CFCD11E7030CD005177D4 /* MainSpinnerView.swift */; };
		6178AF5E1E6E9AD6002597C1 /* AppDelegate.swift in Sources */ = {isa = PBXBuildFile; fileRef = 6178AF5D1E6E9AD6002597C1 /* AppDelegate.swift */; };
		6178AF631E6E9AD6002597C1 /* Main.storyboard in Resources */ = {isa = PBXBuildFile; fileRef = 6178AF611E6E9AD6002597C1 /* Main.storyboard */; };
		6178AF651E6E9AD6002597C1 /* Assets.xcassets in Resources */ = {isa = PBXBuildFile; fileRef = 6178AF641E6E9AD6002597C1 /* Assets.xcassets */; };
		6178AF681E6E9AD6002597C1 /* LaunchScreen.storyboard in Resources */ = {isa = PBXBuildFile; fileRef = 6178AF661E6E9AD6002597C1 /* LaunchScreen.storyboard */; };
		619CCD141E6F232600F060BD /* ModalDismissAnimationController.swift in Sources */ = {isa = PBXBuildFile; fileRef = 619CCD131E6F232600F060BD /* ModalDismissAnimationController.swift */; };
		61A997D51E72D8D600949719 /* ScaleInterfaceHelper.swift in Sources */ = {isa = PBXBuildFile; fileRef = 61A997D41E72D8D600949719 /* ScaleInterfaceHelper.swift */; };
		61C7C2751E6EAAB0005E86EA /* PriceItemTests.swift in Sources */ = {isa = PBXBuildFile; fileRef = 61C7C2741E6EAAB0005E86EA /* PriceItemTests.swift */; };
		61C7C2771E6EAACB005E86EA /* PriceItem.swift in Sources */ = {isa = PBXBuildFile; fileRef = 61C7C2761E6EAACB005E86EA /* PriceItem.swift */; };
		61C7C2791E6EBC11005E86EA /* PriceManagerTests.swift in Sources */ = {isa = PBXBuildFile; fileRef = 61C7C2781E6EBC11005E86EA /* PriceManagerTests.swift */; };
		61C7C27B1E6EBC60005E86EA /* PriceManager.swift in Sources */ = {isa = PBXBuildFile; fileRef = 61C7C27A1E6EBC60005E86EA /* PriceManager.swift */; };
		61C7C27F1E6EBDC0005E86EA /* PriceViewController.swift in Sources */ = {isa = PBXBuildFile; fileRef = 61C7C27E1E6EBDC0005E86EA /* PriceViewController.swift */; };
		61C7C2811E6EBED3005E86EA /* PriceDataProvider.swift in Sources */ = {isa = PBXBuildFile; fileRef = 61C7C2801E6EBED3005E86EA /* PriceDataProvider.swift */; };
		61C7C2831E6EC787005E86EA /* PriceCell.swift in Sources */ = {isa = PBXBuildFile; fileRef = 61C7C2821E6EC787005E86EA /* PriceCell.swift */; };
		61C7C2851E6EC7BA005E86EA /* PriceCellTests.swift in Sources */ = {isa = PBXBuildFile; fileRef = 61C7C2841E6EC7BA005E86EA /* PriceCellTests.swift */; };
		61C7C28B1E6EFB2D005E86EA /* PriceBuyButton.swift in Sources */ = {isa = PBXBuildFile; fileRef = 61C7C28A1E6EFB2D005E86EA /* PriceBuyButton.swift */; };
		61C7C28F1E6F0129005E86EA /* ModalPresentAnimationController.swift in Sources */ = {isa = PBXBuildFile; fileRef = 61C7C28E1E6F0129005E86EA /* ModalPresentAnimationController.swift */; };
		61C7C2911E6F0398005E86EA /* ModalShowAnimationTransitioningDelegate.swift in Sources */ = {isa = PBXBuildFile; fileRef = 61C7C2901E6F0398005E86EA /* ModalShowAnimationTransitioningDelegate.swift */; };
/* End PBXBuildFile section */

/* Begin PBXContainerItemProxy section */
		6178AF6F1E6E9AD6002597C1 /* PBXContainerItemProxy */ = {
			isa = PBXContainerItemProxy;
			containerPortal = 6178AF521E6E9AD6002597C1 /* Project object */;
			proxyType = 1;
			remoteGlobalIDString = 6178AF591E6E9AD6002597C1;
			remoteInfo = PriceModelView;
		};
/* End PBXContainerItemProxy section */

/* Begin PBXFileReference section */
		612CFCD11E7030CD005177D4 /* MainSpinnerView.swift */ = {isa = PBXFileReference; fileEncoding = 4; lastKnownFileType = sourcecode.swift; path = MainSpinnerView.swift; sourceTree = "<group>"; };
		6178AF5A1E6E9AD6002597C1 /* PriceModelView.app */ = {isa = PBXFileReference; explicitFileType = wrapper.application; includeInIndex = 0; path = PriceModelView.app; sourceTree = BUILT_PRODUCTS_DIR; };
		6178AF5D1E6E9AD6002597C1 /* AppDelegate.swift */ = {isa = PBXFileReference; lastKnownFileType = sourcecode.swift; path = AppDelegate.swift; sourceTree = "<group>"; };
		6178AF621E6E9AD6002597C1 /* Base */ = {isa = PBXFileReference; lastKnownFileType = file.storyboard; name = Base; path = Base.lproj/Main.storyboard; sourceTree = "<group>"; };
		6178AF641E6E9AD6002597C1 /* Assets.xcassets */ = {isa = PBXFileReference; lastKnownFileType = folder.assetcatalog; path = Assets.xcassets; sourceTree = "<group>"; };
		6178AF671E6E9AD6002597C1 /* Base */ = {isa = PBXFileReference; lastKnownFileType = file.storyboard; name = Base; path = Base.lproj/LaunchScreen.storyboard; sourceTree = "<group>"; };
		6178AF691E6E9AD6002597C1 /* Info.plist */ = {isa = PBXFileReference; lastKnownFileType = text.plist.xml; path = Info.plist; sourceTree = "<group>"; };
		6178AF6E1E6E9AD6002597C1 /* PriceModelViewTests.xctest */ = {isa = PBXFileReference; explicitFileType = wrapper.cfbundle; includeInIndex = 0; path = PriceModelViewTests.xctest; sourceTree = BUILT_PRODUCTS_DIR; };
		6178AF741E6E9AD6002597C1 /* Info.plist */ = {isa = PBXFileReference; lastKnownFileType = text.plist.xml; path = Info.plist; sourceTree = "<group>"; };
		619CCD131E6F232600F060BD /* ModalDismissAnimationController.swift */ = {isa = PBXFileReference; fileEncoding = 4; lastKnownFileType = sourcecode.swift; name = ModalDismissAnimationController.swift; path = Controller/ModalDismissAnimationController.swift; sourceTree = "<group>"; };
		61A997D41E72D8D600949719 /* ScaleInterfaceHelper.swift */ = {isa = PBXFileReference; fileEncoding = 4; lastKnownFileType = sourcecode.swift; path = ScaleInterfaceHelper.swift; sourceTree = "<group>"; };
		61C7C2741E6EAAB0005E86EA /* PriceItemTests.swift */ = {isa = PBXFileReference; fileEncoding = 4; lastKnownFileType = sourcecode.swift; name = PriceItemTests.swift; path = Model/PriceItemTests.swift; sourceTree = "<group>"; };
		61C7C2761E6EAACB005E86EA /* PriceItem.swift */ = {isa = PBXFileReference; fileEncoding = 4; lastKnownFileType = sourcecode.swift; name = PriceItem.swift; path = Model/PriceItem.swift; sourceTree = "<group>"; };
		61C7C2781E6EBC11005E86EA /* PriceManagerTests.swift */ = {isa = PBXFileReference; fileEncoding = 4; lastKnownFileType = sourcecode.swift; name = PriceManagerTests.swift; path = Model/PriceManagerTests.swift; sourceTree = "<group>"; };
		61C7C27A1E6EBC60005E86EA /* PriceManager.swift */ = {isa = PBXFileReference; fileEncoding = 4; lastKnownFileType = sourcecode.swift; name = PriceManager.swift; path = Model/PriceManager.swift; sourceTree = "<group>"; };
		61C7C27E1E6EBDC0005E86EA /* PriceViewController.swift */ = {isa = PBXFileReference; fileEncoding = 4; lastKnownFileType = sourcecode.swift; name = PriceViewController.swift; path = Controller/PriceViewController.swift; sourceTree = "<group>"; };
		61C7C2801E6EBED3005E86EA /* PriceDataProvider.swift */ = {isa = PBXFileReference; fileEncoding = 4; lastKnownFileType = sourcecode.swift; name = PriceDataProvider.swift; path = Controller/PriceDataProvider.swift; sourceTree = "<group>"; };
		61C7C2821E6EC787005E86EA /* PriceCell.swift */ = {isa = PBXFileReference; fileEncoding = 4; lastKnownFileType = sourcecode.swift; name = PriceCell.swift; path = Controller/PriceCell.swift; sourceTree = "<group>"; };
		61C7C2841E6EC7BA005E86EA /* PriceCellTests.swift */ = {isa = PBXFileReference; fileEncoding = 4; lastKnownFileType = sourcecode.swift; name = PriceCellTests.swift; path = Controller/PriceCellTests.swift; sourceTree = "<group>"; };
		61C7C28A1E6EFB2D005E86EA /* PriceBuyButton.swift */ = {isa = PBXFileReference; fileEncoding = 4; lastKnownFileType = sourcecode.swift; path = PriceBuyButton.swift; sourceTree = "<group>"; };
		61C7C28E1E6F0129005E86EA /* ModalPresentAnimationController.swift */ = {isa = PBXFileReference; fileEncoding = 4; lastKnownFileType = sourcecode.swift; name = ModalPresentAnimationController.swift; path = Controller/ModalPresentAnimationController.swift; sourceTree = "<group>"; };
		61C7C2901E6F0398005E86EA /* ModalShowAnimationTransitioningDelegate.swift */ = {isa = PBXFileReference; fileEncoding = 4; lastKnownFileType = sourcecode.swift; name = ModalShowAnimationTransitioningDelegate.swift; path = Controller/ModalShowAnimationTransitioningDelegate.swift; sourceTree = "<group>"; };
/* End PBXFileReference section */

/* Begin PBXFrameworksBuildPhase section */
		6178AF571E6E9AD6002597C1 /* Frameworks */ = {
			isa = PBXFrameworksBuildPhase;
			buildActionMask = 2147483647;
			files = (
			);
			runOnlyForDeploymentPostprocessing = 0;
		};
		6178AF6B1E6E9AD6002597C1 /* Frameworks */ = {
			isa = PBXFrameworksBuildPhase;
			buildActionMask = 2147483647;
			files = (
			);
			runOnlyForDeploymentPostprocessing = 0;
		};
/* End PBXFrameworksBuildPhase section */

/* Begin PBXGroup section */
		612CFCCC1E7023E8005177D4 /* Modal Transition Animation */ = {
			isa = PBXGroup;
			children = (
				61C7C28E1E6F0129005E86EA /* ModalPresentAnimationController.swift */,
				61C7C2901E6F0398005E86EA /* ModalShowAnimationTransitioningDelegate.swift */,
				619CCD131E6F232600F060BD /* ModalDismissAnimationController.swift */,
			);
			name = "Modal Transition Animation";
			sourceTree = "<group>";
		};
		612CFD071E7066C2005177D4 /* PriceVC */ = {
			isa = PBXGroup;
			children = (
				61C7C27E1E6EBDC0005E86EA /* PriceViewController.swift */,
				61C7C2801E6EBED3005E86EA /* PriceDataProvider.swift */,
				61C7C2821E6EC787005E86EA /* PriceCell.swift */,
				612CFCD11E7030CD005177D4 /* MainSpinnerView.swift */,
			);
			name = PriceVC;
			sourceTree = "<group>";
		};
		612CFD081E7066EB005177D4 /* Common */ = {
			isa = PBXGroup;
			children = (
				61C7C28A1E6EFB2D005E86EA /* PriceBuyButton.swift */,
				61A997D41E72D8D600949719 /* ScaleInterfaceHelper.swift */,
			);
			name = Common;
			sourceTree = "<group>";
		};
		6178AF511E6E9AD6002597C1 = {
			isa = PBXGroup;
			children = (
				6178AF5C1E6E9AD6002597C1 /* PriceModelView */,
				6178AF711E6E9AD6002597C1 /* PriceModelViewTests */,
				6178AF5B1E6E9AD6002597C1 /* Products */,
			);
			sourceTree = "<group>";
		};
		6178AF5B1E6E9AD6002597C1 /* Products */ = {
			isa = PBXGroup;
			children = (
				6178AF5A1E6E9AD6002597C1 /* PriceModelView.app */,
				6178AF6E1E6E9AD6002597C1 /* PriceModelViewTests.xctest */,
			);
			name = Products;
			sourceTree = "<group>";
		};
		6178AF5C1E6E9AD6002597C1 /* PriceModelView */ = {
			isa = PBXGroup;
			children = (
				6178AF611E6E9AD6002597C1 /* Main.storyboard */,
				6178AF7D1E6E9C36002597C1 /* Supporting files */,
				61C7C27C1E6EBD87005E86EA /* Model */,
				612CFCCC1E7023E8005177D4 /* Modal Transition Animation */,
				612CFD071E7066C2005177D4 /* PriceVC */,
				612CFD081E7066EB005177D4 /* Common */,
			);
			path = PriceModelView;
			sourceTree = "<group>";
		};
		6178AF711E6E9AD6002597C1 /* PriceModelViewTests */ = {
			isa = PBXGroup;
			children = (
				6178AF741E6E9AD6002597C1 /* Info.plist */,
				61C7C27D1E6EBD8D005E86EA /* Model */,
				61C7C2841E6EC7BA005E86EA /* PriceCellTests.swift */,
			);
			path = PriceModelViewTests;
			sourceTree = "<group>";
		};
		6178AF7D1E6E9C36002597C1 /* Supporting files */ = {
			isa = PBXGroup;
			children = (
				6178AF5D1E6E9AD6002597C1 /* AppDelegate.swift */,
				6178AF641E6E9AD6002597C1 /* Assets.xcassets */,
				6178AF661E6E9AD6002597C1 /* LaunchScreen.storyboard */,
				6178AF691E6E9AD6002597C1 /* Info.plist */,
			);
			name = "Supporting files";
			sourceTree = "<group>";
		};
		61C7C27C1E6EBD87005E86EA /* Model */ = {
			isa = PBXGroup;
			children = (
				61C7C2761E6EAACB005E86EA /* PriceItem.swift */,
				61C7C27A1E6EBC60005E86EA /* PriceManager.swift */,
			);
			name = Model;
			sourceTree = "<group>";
		};
		61C7C27D1E6EBD8D005E86EA /* Model */ = {
			isa = PBXGroup;
			children = (
				61C7C2741E6EAAB0005E86EA /* PriceItemTests.swift */,
				61C7C2781E6EBC11005E86EA /* PriceManagerTests.swift */,
			);
			name = Model;
			sourceTree = "<group>";
		};
/* End PBXGroup section */

/* Begin PBXNativeTarget section */
		6178AF591E6E9AD6002597C1 /* PriceModelView */ = {
			isa = PBXNativeTarget;
			buildConfigurationList = 6178AF771E6E9AD6002597C1 /* Build configuration list for PBXNativeTarget "PriceModelView" */;
			buildPhases = (
				6178AF561E6E9AD6002597C1 /* Sources */,
				6178AF571E6E9AD6002597C1 /* Frameworks */,
				6178AF581E6E9AD6002597C1 /* Resources */,
			);
			buildRules = (
			);
			dependencies = (
			);
			name = PriceModelView;
			productName = PriceModelView;
			productReference = 6178AF5A1E6E9AD6002597C1 /* PriceModelView.app */;
			productType = "com.apple.product-type.application";
		};
		6178AF6D1E6E9AD6002597C1 /* PriceModelViewTests */ = {
			isa = PBXNativeTarget;
			buildConfigurationList = 6178AF7A1E6E9AD6002597C1 /* Build configuration list for PBXNativeTarget "PriceModelViewTests" */;
			buildPhases = (
				6178AF6A1E6E9AD6002597C1 /* Sources */,
				6178AF6B1E6E9AD6002597C1 /* Frameworks */,
				6178AF6C1E6E9AD6002597C1 /* Resources */,
			);
			buildRules = (
			);
			dependencies = (
				6178AF701E6E9AD6002597C1 /* PBXTargetDependency */,
			);
			name = PriceModelViewTests;
			productName = PriceModelViewTests;
			productReference = 6178AF6E1E6E9AD6002597C1 /* PriceModelViewTests.xctest */;
			productType = "com.apple.product-type.bundle.unit-test";
		};
/* End PBXNativeTarget section */

/* Begin PBXProject section */
		6178AF521E6E9AD6002597C1 /* Project object */ = {
			isa = PBXProject;
			attributes = {
				LastSwiftUpdateCheck = 0830;
				LastUpgradeCheck = 0830;
				ORGANIZATIONNAME = "Рамиль Ибрагимов";
				TargetAttributes = {
					6178AF591E6E9AD6002597C1 = {
						CreatedOnToolsVersion = 8.3;
						DevelopmentTeam = HH6C6ZGFAB;
						ProvisioningStyle = Automatic;
					};
					6178AF6D1E6E9AD6002597C1 = {
						CreatedOnToolsVersion = 8.3;
						LastSwiftMigration = 0830;
						ProvisioningStyle = Automatic;
						TestTargetID = 6178AF591E6E9AD6002597C1;
					};
				};
			};
			buildConfigurationList = 6178AF551E6E9AD6002597C1 /* Build configuration list for PBXProject "PriceModelView" */;
			compatibilityVersion = "Xcode 3.2";
			developmentRegion = English;
			hasScannedForEncodings = 0;
			knownRegions = (
				en,
				Base,
			);
			mainGroup = 6178AF511E6E9AD6002597C1;
			productRefGroup = 6178AF5B1E6E9AD6002597C1 /* Products */;
			projectDirPath = "";
			projectRoot = "";
			targets = (
				6178AF591E6E9AD6002597C1 /* PriceModelView */,
				6178AF6D1E6E9AD6002597C1 /* PriceModelViewTests */,
			);
		};
/* End PBXProject section */

/* Begin PBXResourcesBuildPhase section */
		6178AF581E6E9AD6002597C1 /* Resources */ = {
			isa = PBXResourcesBuildPhase;
			buildActionMask = 2147483647;
			files = (
				6178AF681E6E9AD6002597C1 /* LaunchScreen.storyboard in Resources */,
				6178AF651E6E9AD6002597C1 /* Assets.xcassets in Resources */,
				6178AF631E6E9AD6002597C1 /* Main.storyboard in Resources */,
			);
			runOnlyForDeploymentPostprocessing = 0;
		};
		6178AF6C1E6E9AD6002597C1 /* Resources */ = {
			isa = PBXResourcesBuildPhase;
			buildActionMask = 2147483647;
			files = (
			);
			runOnlyForDeploymentPostprocessing = 0;
		};
/* End PBXResourcesBuildPhase section */

/* Begin PBXSourcesBuildPhase section */
		6178AF561E6E9AD6002597C1 /* Sources */ = {
			isa = PBXSourcesBuildPhase;
			buildActionMask = 2147483647;
			files = (
				61C7C28B1E6EFB2D005E86EA /* PriceBuyButton.swift in Sources */,
				619CCD141E6F232600F060BD /* ModalDismissAnimationController.swift in Sources */,
				61C7C27B1E6EBC60005E86EA /* PriceManager.swift in Sources */,
				61C7C2911E6F0398005E86EA /* ModalShowAnimationTransitioningDelegate.swift in Sources */,
				61C7C28F1E6F0129005E86EA /* ModalPresentAnimationController.swift in Sources */,
				61C7C2831E6EC787005E86EA /* PriceCell.swift in Sources */,
				612CFCD21E7030CD005177D4 /* MainSpinnerView.swift in Sources */,
				61C7C2811E6EBED3005E86EA /* PriceDataProvider.swift in Sources */,
				61C7C2771E6EAACB005E86EA /* PriceItem.swift in Sources */,
				61C7C27F1E6EBDC0005E86EA /* PriceViewController.swift in Sources */,
				61A997D51E72D8D600949719 /* ScaleInterfaceHelper.swift in Sources */,
				6178AF5E1E6E9AD6002597C1 /* AppDelegate.swift in Sources */,
			);
			runOnlyForDeploymentPostprocessing = 0;
		};
		6178AF6A1E6E9AD6002597C1 /* Sources */ = {
			isa = PBXSourcesBuildPhase;
			buildActionMask = 2147483647;
			files = (
				61C7C2851E6EC7BA005E86EA /* PriceCellTests.swift in Sources */,
				61C7C2751E6EAAB0005E86EA /* PriceItemTests.swift in Sources */,
				61C7C2791E6EBC11005E86EA /* PriceManagerTests.swift in Sources */,
			);
			runOnlyForDeploymentPostprocessing = 0;
		};
/* End PBXSourcesBuildPhase section */

/* Begin PBXTargetDependency section */
		6178AF701E6E9AD6002597C1 /* PBXTargetDependency */ = {
			isa = PBXTargetDependency;
			target = 6178AF591E6E9AD6002597C1 /* PriceModelView */;
			targetProxy = 6178AF6F1E6E9AD6002597C1 /* PBXContainerItemProxy */;
		};
/* End PBXTargetDependency section */

/* Begin PBXVariantGroup section */
		6178AF611E6E9AD6002597C1 /* Main.storyboard */ = {
			isa = PBXVariantGroup;
			children = (
				6178AF621E6E9AD6002597C1 /* Base */,
			);
			name = Main.storyboard;
			sourceTree = "<group>";
		};
		6178AF661E6E9AD6002597C1 /* LaunchScreen.storyboard */ = {
			isa = PBXVariantGroup;
			children = (
				6178AF671E6E9AD6002597C1 /* Base */,
			);
			name = LaunchScreen.storyboard;
			sourceTree = "<group>";
		};
/* End PBXVariantGroup section */

/* Begin XCBuildConfiguration section */
		6178AF751E6E9AD6002597C1 /* Debug */ = {
			isa = XCBuildConfiguration;
			buildSettings = {
				ALWAYS_SEARCH_USER_PATHS = NO;
				CLANG_ANALYZER_NONNULL = YES;
				CLANG_ANALYZER_NUMBER_OBJECT_CONVERSION = YES_AGGRESSIVE;
				CLANG_CXX_LANGUAGE_STANDARD = "gnu++0x";
				CLANG_CXX_LIBRARY = "libc++";
				CLANG_ENABLE_MODULES = YES;
				CLANG_ENABLE_OBJC_ARC = YES;
				CLANG_WARN_BOOL_CONVERSION = YES;
				CLANG_WARN_CONSTANT_CONVERSION = YES;
				CLANG_WARN_DIRECT_OBJC_ISA_USAGE = YES_ERROR;
				CLANG_WARN_DOCUMENTATION_COMMENTS = YES;
				CLANG_WARN_EMPTY_BODY = YES;
				CLANG_WARN_ENUM_CONVERSION = YES;
				CLANG_WARN_INFINITE_RECURSION = YES;
				CLANG_WARN_INT_CONVERSION = YES;
				CLANG_WARN_OBJC_ROOT_CLASS = YES_ERROR;
				CLANG_WARN_SUSPICIOUS_MOVE = YES;
				CLANG_WARN_UNREACHABLE_CODE = YES;
				CLANG_WARN__DUPLICATE_METHOD_MATCH = YES;
				"CODE_SIGN_IDENTITY[sdk=iphoneos*]" = "iPhone Developer";
				COPY_PHASE_STRIP = NO;
				DEBUG_INFORMATION_FORMAT = dwarf;
				ENABLE_STRICT_OBJC_MSGSEND = YES;
				ENABLE_TESTABILITY = YES;
				GCC_C_LANGUAGE_STANDARD = gnu99;
				GCC_DYNAMIC_NO_PIC = NO;
				GCC_NO_COMMON_BLOCKS = YES;
				GCC_OPTIMIZATION_LEVEL = 0;
				GCC_PREPROCESSOR_DEFINITIONS = (
					"DEBUG=1",
					"$(inherited)",
				);
				GCC_WARN_64_TO_32_BIT_CONVERSION = YES;
				GCC_WARN_ABOUT_RETURN_TYPE = YES_ERROR;
				GCC_WARN_UNDECLARED_SELECTOR = YES;
				GCC_WARN_UNINITIALIZED_AUTOS = YES_AGGRESSIVE;
				GCC_WARN_UNUSED_FUNCTION = YES;
				GCC_WARN_UNUSED_VARIABLE = YES;
				IPHONEOS_DEPLOYMENT_TARGET = 10.3;
				MTL_ENABLE_DEBUG_INFO = YES;
				ONLY_ACTIVE_ARCH = YES;
				SDKROOT = iphoneos;
				SWIFT_ACTIVE_COMPILATION_CONDITIONS = DEBUG;
				SWIFT_OPTIMIZATION_LEVEL = "-Onone";
			};
			name = Debug;
		};
		6178AF761E6E9AD6002597C1 /* Release */ = {
			isa = XCBuildConfiguration;
			buildSettings = {
				ALWAYS_SEARCH_USER_PATHS = NO;
				CLANG_ANALYZER_NONNULL = YES;
				CLANG_ANALYZER_NUMBER_OBJECT_CONVERSION = YES_AGGRESSIVE;
				CLANG_CXX_LANGUAGE_STANDARD = "gnu++0x";
				CLANG_CXX_LIBRARY = "libc++";
				CLANG_ENABLE_MODULES = YES;
				CLANG_ENABLE_OBJC_ARC = YES;
				CLANG_WARN_BOOL_CONVERSION = YES;
				CLANG_WARN_CONSTANT_CONVERSION = YES;
				CLANG_WARN_DIRECT_OBJC_ISA_USAGE = YES_ERROR;
				CLANG_WARN_DOCUMENTATION_COMMENTS = YES;
				CLANG_WARN_EMPTY_BODY = YES;
				CLANG_WARN_ENUM_CONVERSION = YES;
				CLANG_WARN_INFINITE_RECURSION = YES;
				CLANG_WARN_INT_CONVERSION = YES;
				CLANG_WARN_OBJC_ROOT_CLASS = YES_ERROR;
				CLANG_WARN_SUSPICIOUS_MOVE = YES;
				CLANG_WARN_UNREACHABLE_CODE = YES;
				CLANG_WARN__DUPLICATE_METHOD_MATCH = YES;
				"CODE_SIGN_IDENTITY[sdk=iphoneos*]" = "iPhone Developer";
				COPY_PHASE_STRIP = NO;
				DEBUG_INFORMATION_FORMAT = "dwarf-with-dsym";
				ENABLE_NS_ASSERTIONS = NO;
				ENABLE_STRICT_OBJC_MSGSEND = YES;
				GCC_C_LANGUAGE_STANDARD = gnu99;
				GCC_NO_COMMON_BLOCKS = YES;
				GCC_WARN_64_TO_32_BIT_CONVERSION = YES;
				GCC_WARN_ABOUT_RETURN_TYPE = YES_ERROR;
				GCC_WARN_UNDECLARED_SELECTOR = YES;
				GCC_WARN_UNINITIALIZED_AUTOS = YES_AGGRESSIVE;
				GCC_WARN_UNUSED_FUNCTION = YES;
				GCC_WARN_UNUSED_VARIABLE = YES;
				IPHONEOS_DEPLOYMENT_TARGET = 10.3;
				MTL_ENABLE_DEBUG_INFO = NO;
				SDKROOT = iphoneos;
				SWIFT_OPTIMIZATION_LEVEL = "-Owholemodule";
				VALIDATE_PRODUCT = YES;
			};
			name = Release;
		};
		6178AF781E6E9AD6002597C1 /* Debug */ = {
			isa = XCBuildConfiguration;
			buildSettings = {
				ASSETCATALOG_COMPILER_APPICON_NAME = AppIcon;
				"CODE_SIGN_IDENTITY[sdk=iphoneos*]" = "iPhone Developer";
				DEVELOPMENT_TEAM = HH6C6ZGFAB;
				INFOPLIST_FILE = PriceModelView/Info.plist;
				LD_RUNPATH_SEARCH_PATHS = "$(inherited) @executable_path/Frameworks";
				PRODUCT_BUNDLE_IDENTIFIER = IR.PriceModelView;
				PRODUCT_NAME = "$(TARGET_NAME)";
				PROVISIONING_PROFILE_SPECIFIER = "";
				SWIFT_VERSION = 3.0;
			};
			name = Debug;
		};
		6178AF791E6E9AD6002597C1 /* Release */ = {
			isa = XCBuildConfiguration;
			buildSettings = {
				ASSETCATALOG_COMPILER_APPICON_NAME = AppIcon;
				"CODE_SIGN_IDENTITY[sdk=iphoneos*]" = "iPhone Developer";
				DEVELOPMENT_TEAM = HH6C6ZGFAB;
				INFOPLIST_FILE = PriceModelView/Info.plist;
				LD_RUNPATH_SEARCH_PATHS = "$(inherited) @executable_path/Frameworks";
				PRODUCT_BUNDLE_IDENTIFIER = IR.PriceModelView;
				PRODUCT_NAME = "$(TARGET_NAME)";
				PROVISIONING_PROFILE_SPECIFIER = "";
				SWIFT_VERSION = 3.0;
			};
			name = Release;
		};
		6178AF7B1E6E9AD6002597C1 /* Debug */ = {
			isa = XCBuildConfiguration;
			buildSettings = {
				ALWAYS_EMBED_SWIFT_STANDARD_LIBRARIES = YES;
				BUNDLE_LOADER = "$(TEST_HOST)";
				CLANG_ENABLE_MODULES = YES;
				INFOPLIST_FILE = PriceModelViewTests/Info.plist;
				LD_RUNPATH_SEARCH_PATHS = "$(inherited) @executable_path/Frameworks @loader_path/Frameworks";
				PRODUCT_BUNDLE_IDENTIFIER = IR.PriceModelViewTests;
				PRODUCT_NAME = "$(TARGET_NAME)";
				SWIFT_OPTIMIZATION_LEVEL = "-Onone";
				SWIFT_VERSION = 3.0;
				TEST_HOST = "$(BUILT_PRODUCTS_DIR)/PriceModelView.app/PriceModelView";
			};
			name = Debug;
		};
		6178AF7C1E6E9AD6002597C1 /* Release */ = {
			isa = XCBuildConfiguration;
			buildSettings = {
				ALWAYS_EMBED_SWIFT_STANDARD_LIBRARIES = YES;
				BUNDLE_LOADER = "$(TEST_HOST)";
				CLANG_ENABLE_MODULES = YES;
				INFOPLIST_FILE = PriceModelViewTests/Info.plist;
				LD_RUNPATH_SEARCH_PATHS = "$(inherited) @executable_path/Frameworks @loader_path/Frameworks";
				PRODUCT_BUNDLE_IDENTIFIER = IR.PriceModelViewTests;
				PRODUCT_NAME = "$(TARGET_NAME)";
				SWIFT_VERSION = 3.0;
				TEST_HOST = "$(BUILT_PRODUCTS_DIR)/PriceModelView.app/PriceModelView";
			};
			name = Release;
		};
/* End XCBuildConfiguration section */

/* Begin XCConfigurationList section */
		6178AF551E6E9AD6002597C1 /* Build configuration list for PBXProject "PriceModelView" */ = {
			isa = XCConfigurationList;
			buildConfigurations = (
				6178AF751E6E9AD6002597C1 /* Debug */,
				6178AF761E6E9AD6002597C1 /* Release */,
			);
			defaultConfigurationIsVisible = 0;
			defaultConfigurationName = Release;
		};
		6178AF771E6E9AD6002597C1 /* Build configuration list for PBXNativeTarget "PriceModelView" */ = {
			isa = XCConfigurationList;
			buildConfigurations = (
				6178AF781E6E9AD6002597C1 /* Debug */,
				6178AF791E6E9AD6002597C1 /* Release */,
			);
			defaultConfigurationIsVisible = 0;
			defaultConfigurationName = Release;
		};
		6178AF7A1E6E9AD6002597C1 /* Build configuration list for PBXNativeTarget "PriceModelViewTests" */ = {
			isa = XCConfigurationList;
			buildConfigurations = (
				6178AF7B1E6E9AD6002597C1 /* Debug */,
				6178AF7C1E6E9AD6002597C1 /* Release */,
			);
			defaultConfigurationIsVisible = 0;
			defaultConfigurationName = Release;
		};
/* End XCConfigurationList section */
	};
	rootObject = 6178AF521E6E9AD6002597C1 /* Project object */;
}
